
Microsoft Visual Studio Solution File, Format Version 12.00
# Visual Studio Version 16
VisualStudioVersion = 16.0.29318.209
MinimumVisualStudioVersion = 10.0.40219.1
Project("{FAE04EC0-301F-11D3-BF4B-00C04F79EFBC}") = "Generics_Demo", "Generics_Demo\Generics_Demo.csproj", "{0D3A75D9-6B53-49A0-9DBD-67DC94AC987A}"
EndProject
Global
	GlobalSection(SolutionConfigurationPlatforms) = preSolution
		Debug|Any CPU = Debug|Any CPU
		Release|Any CPU = Release|Any CPU
	EndGlobalSection
	GlobalSection(ProjectConfigurationPlatforms) = postSolution
		{0D3A75D9-6B53-49A0-9DBD-67DC94AC987A}.Debug|Any CPU.ActiveCfg = Debug|Any CPU
		{0D3A75D9-6B53-49A0-9DBD-67DC94AC987A}.Debug|Any CPU.Build.0 = Debug|Any CPU
		{0D3A75D9-6B53-49A0-9DBD-67DC94AC987A}.Release|Any CPU.ActiveCfg = Release|Any CPU
		{0D3A75D9-6B53-49A0-9DBD-67DC94AC987A}.Release|Any CPU.Build.0 = Release|Any CPU
	EndGlobalSection
	GlobalSection(SolutionProperties) = preSolution
		HideSolutionNode = FALSE
	EndGlobalSection
	GlobalSection(ExtensibilityGlobals) = postSolution
		SolutionGuid = {FE7BA635-6244-443D-B2BB-8CCAD6BF8FC9}
	EndGlobalSection
EndGlobal
